Microsoft Visual Studio Solution File, Format Version 12.00
# Visual Studio Version 17
VisualStudioVersion = 17.5.2.0
MinimumVisualStudioVersion = 10.0.40219.1
Project("{FAE04EC0-301F-11D3-BF4B-00C04F79EFBC}") = "ProjectAllocationManager", "ProjectAllocationManager.csproj", "{DAA3304B-E72A-6C5E-B3AE-D29392D4B5FC}"
EndProject
Global
	GlobalSection(SolutionConfigurationPlatforms) = preSolution
		Debug|Any CPU = Debug|Any CPU
		Release|Any CPU = Release|Any CPU
	EndGlobalSection
	GlobalSection(ProjectConfigurationPlatforms) = postSolution
		{DAA3304B-E72A-6C5E-B3AE-D29392D4B5FC}.Debug|Any CPU.ActiveCfg = Debug|Any CPU
		{DAA3304B-E72A-6C5E-B3AE-D29392D4B5FC}.Debug|Any CPU.Build.0 = Debug|Any CPU
		{DAA3304B-E72A-6C5E-B3AE-D29392D4B5FC}.Release|Any CPU.ActiveCfg = Release|Any CPU
		{DAA3304B-E72A-6C5E-B3AE-D29392D4B5FC}.Release|Any CPU.Build.0 = Release|Any CPU
	EndGlobalSection
	GlobalSection(SolutionProperties) = preSolution
		HideSolutionNode = FALSE
	EndGlobalSection
	GlobalSection(ExtensibilityGlobals) = postSolution
		SolutionGuid = {8CE03888-39C0-406E-A749-D9FE4BDB23AF}
	EndGlobalSection
EndGlobal
